
Microsoft Visual Studio Solution File, Format Version 12.00
# Visual Studio Version 17
VisualStudioVersion = 17.6.33717.318
MinimumVisualStudioVersion = 10.0.40219.1
Project("{FAE04EC0-301F-11D3-BF4B-00C04F79EFBC}") = "ePrism.API.ClaimsDataSharing", "ePrism.API.ClaimsDataSharing\ePrism.API.ClaimsDataSharing.csproj", "{F012B311-D975-4198-920A-6FD4FA68DCE0}"
EndProject
Project("{FAE04EC0-301F-11D3-BF4B-00C04F79EFBC}") = "ePrism.API.ClaimsDataSharing.Test", "ePrism.API.ClaimsDataSharing.Test\ePrism.API.ClaimsDataSharing.Test.csproj", "{A4FF29AA-C000-4166-A4FE-60FBD39B9C23}"
EndProject
Global
	GlobalSection(SolutionConfigurationPlatforms) = preSolution
		Debug|Any CPU = Debug|Any CPU
		Release|Any CPU = Release|Any CPU
	EndGlobalSection
	GlobalSection(ProjectConfigurationPlatforms) = postSolution
		{F012B311-D975-4198-920A-6FD4FA68DCE0}.Debug|Any CPU.ActiveCfg = Debug|Any CPU
		{F012B311-D975-4198-920A-6FD4FA68DCE0}.Debug|Any CPU.Build.0 = Debug|Any CPU
		{F012B311-D975-4198-920A-6FD4FA68DCE0}.Release|Any CPU.ActiveCfg = Release|Any CPU
		{F012B311-D975-4198-920A-6FD4FA68DCE0}.Release|Any CPU.Build.0 = Release|Any CPU
		{A4FF29AA-C000-4166-A4FE-60FBD39B9C23}.Debug|Any CPU.ActiveCfg = Debug|Any CPU
		{A4FF29AA-C000-4166-A4FE-60FBD39B9C23}.Debug|Any CPU.Build.0 = Debug|Any CPU
		{A4FF29AA-C000-4166-A4FE-60FBD39B9C23}.Release|Any CPU.ActiveCfg = Release|Any CPU
		{A4FF29AA-C000-4166-A4FE-60FBD39B9C23}.Release|Any CPU.Build.0 = Release|Any CPU
	EndGlobalSection
	GlobalSection(SolutionProperties) = preSolution
		HideSolutionNode = FALSE
	EndGlobalSection
	GlobalSection(ExtensibilityGlobals) = postSolution
		SolutionGuid = {DFB38DDD-3CFF-4174-9CEF-4B60395B755C}
	EndGlobalSection
EndGlobal
